
Microsoft Visual Studio Solution File, Format Version 12.00
# Visual Studio 2017
Project("{FAE04EC0-301F-11D3-BF4B-00C04F79EFBC}") = "Space Shooter p01", "Space Shooter p01.csproj", "{8CE79AF4-9383-BF56-1143-50F49D9DAE88}"
EndProject
Global
	GlobalSection(SolutionConfigurationPlatforms) = preSolution
		Debug|Any CPU = Debug|Any CPU
		Release|Any CPU = Release|Any CPU
	EndGlobalSection
	GlobalSection(ProjectConfigurationPlatforms) = postSolution
		{8CE79AF4-9383-BF56-1143-50F49D9DAE88}.Debug|Any CPU.ActiveCfg = Debug|Any CPU
		{8CE79AF4-9383-BF56-1143-50F49D9DAE88}.Debug|Any CPU.Build.0 = Debug|Any CPU
		{8CE79AF4-9383-BF56-1143-50F49D9DAE88}.Release|Any CPU.ActiveCfg = Release|Any CPU
		{8CE79AF4-9383-BF56-1143-50F49D9DAE88}.Release|Any CPU.Build.0 = Release|Any CPU
	EndGlobalSection
	GlobalSection(SolutionProperties) = preSolution
		HideSolutionNode = FALSE
	EndGlobalSection
EndGlobal
